
Microsoft Visual Studio Solution File, Format Version 12.00
# Visual Studio 15
VisualStudioVersion = 15.0.27004.2005
MinimumVisualStudioVersion = 10.0.40219.1
Project("{FAE04EC0-301F-11D3-BF4B-00C04F79EFBC}") = "SportsFacility4A", "SportsFacility4A\SportsFacility4A.csproj", "{83082CEE-868C-40E8-A2EB-A3701E41ECE8}"
EndProject
Global
	GlobalSection(SolutionConfigurationPlatforms) = preSolution
		Debug|Any CPU = Debug|Any CPU
		Release|Any CPU = Release|Any CPU
	EndGlobalSection
	GlobalSection(ProjectConfigurationPlatforms) = postSolution
		{83082CEE-868C-40E8-A2EB-A3701E41ECE8}.Debug|Any CPU.ActiveCfg = Debug|Any CPU
		{83082CEE-868C-40E8-A2EB-A3701E41ECE8}.Debug|Any CPU.Build.0 = Debug|Any CPU
		{83082CEE-868C-40E8-A2EB-A3701E41ECE8}.Release|Any CPU.ActiveCfg = Release|Any CPU
		{83082CEE-868C-40E8-A2EB-A3701E41ECE8}.Release|Any CPU.Build.0 = Release|Any CPU
	EndGlobalSection
	GlobalSection(SolutionProperties) = preSolution
		HideSolutionNode = FALSE
	EndGlobalSection
	GlobalSection(ExtensibilityGlobals) = postSolution
		SolutionGuid = {0BE89D4B-C92C-4295-AF8C-368E99110B71}
	EndGlobalSection
EndGlobal
